
Microsoft Visual Studio Solution File, Format Version 11.00
# Visual Studio 2010
Project("{FAE04EC0-301F-11D3-BF4B-00C04F79EFBC}") = "Chess.Player", "src\Chess.Player\Chess.Player.csproj", "{EE8F596F-A1EA-4240-BF28-46821DFE78AF}"
EndProject
Project("{FAE04EC0-301F-11D3-BF4B-00C04F79EFBC}") = "Chess.UI", "src\Chess.UI\Chess.UI.csproj", "{066652C1-9B21-49FF-8DC5-2D494BB3D877}"
EndProject
Project("{FAE04EC0-301F-11D3-BF4B-00C04F79EFBC}") = "Utility", "..\Utility\src\Utility\Utility.csproj", "{D473AC8E-F63C-49A3-BD08-5561C19B8B14}"
EndProject
Project("{2150E333-8FDC-42A3-9474-1A3956D46DE8}") = "External Projects", "External Projects", "{3EE273DA-3A4F-4161-B164-4C6ABF2B46C2}"
EndProject
Global
	GlobalSection(SolutionConfigurationPlatforms) = preSolution
		Debug|Any CPU = Debug|Any CPU
		Debug|Mixed Platforms = Debug|Mixed Platforms
		Debug|x86 = Debug|x86
		Release|Any CPU = Release|Any CPU
		Release|Mixed Platforms = Release|Mixed Platforms
		Release|x86 = Release|x86
	EndGlobalSection
	GlobalSection(ProjectConfigurationPlatforms) = postSolution
		{EE8F596F-A1EA-4240-BF28-46821DFE78AF}.Debug|Any CPU.ActiveCfg = Debug|Any CPU
		{EE8F596F-A1EA-4240-BF28-46821DFE78AF}.Debug|Any CPU.Build.0 = Debug|Any CPU
		{EE8F596F-A1EA-4240-BF28-46821DFE78AF}.Debug|Mixed Platforms.ActiveCfg = Debug|Any CPU
		{EE8F596F-A1EA-4240-BF28-46821DFE78AF}.Debug|Mixed Platforms.Build.0 = Debug|Any CPU
		{EE8F596F-A1EA-4240-BF28-46821DFE78AF}.Debug|x86.ActiveCfg = Debug|Any CPU
		{EE8F596F-A1EA-4240-BF28-46821DFE78AF}.Release|Any CPU.ActiveCfg = Release|Any CPU
		{EE8F596F-A1EA-4240-BF28-46821DFE78AF}.Release|Any CPU.Build.0 = Release|Any CPU
		{EE8F596F-A1EA-4240-BF28-46821DFE78AF}.Release|Mixed Platforms.ActiveCfg = Release|Any CPU
		{EE8F596F-A1EA-4240-BF28-46821DFE78AF}.Release|Mixed Platforms.Build.0 = Release|Any CPU
		{EE8F596F-A1EA-4240-BF28-46821DFE78AF}.Release|x86.ActiveCfg = Release|Any CPU
		{066652C1-9B21-49FF-8DC5-2D494BB3D877}.Debug|Any CPU.ActiveCfg = Debug|x86
		{066652C1-9B21-49FF-8DC5-2D494BB3D877}.Debug|Any CPU.Build.0 = Debug|x86
		{066652C1-9B21-49FF-8DC5-2D494BB3D877}.Debug|Mixed Platforms.ActiveCfg = Debug|x86
		{066652C1-9B21-49FF-8DC5-2D494BB3D877}.Debug|Mixed Platforms.Build.0 = Debug|x86
		{066652C1-9B21-49FF-8DC5-2D494BB3D877}.Debug|x86.ActiveCfg = Debug|x86
		{066652C1-9B21-49FF-8DC5-2D494BB3D877}.Debug|x86.Build.0 = Debug|x86
		{066652C1-9B21-49FF-8DC5-2D494BB3D877}.Release|Any CPU.ActiveCfg = Release|x86
		{066652C1-9B21-49FF-8DC5-2D494BB3D877}.Release|Mixed Platforms.ActiveCfg = Release|x86
		{066652C1-9B21-49FF-8DC5-2D494BB3D877}.Release|Mixed Platforms.Build.0 = Release|x86
		{066652C1-9B21-49FF-8DC5-2D494BB3D877}.Release|x86.ActiveCfg = Release|x86
		{066652C1-9B21-49FF-8DC5-2D494BB3D877}.Release|x86.Build.0 = Release|x86
		{D473AC8E-F63C-49A3-BD08-5561C19B8B14}.Debug|Any CPU.ActiveCfg = Debug|Any CPU
		{D473AC8E-F63C-49A3-BD08-5561C19B8B14}.Debug|Any CPU.Build.0 = Debug|Any CPU
		{D473AC8E-F63C-49A3-BD08-5561C19B8B14}.Debug|Mixed Platforms.ActiveCfg = Debug|Any CPU
		{D473AC8E-F63C-49A3-BD08-5561C19B8B14}.Debug|Mixed Platforms.Build.0 = Debug|Any CPU
		{D473AC8E-F63C-49A3-BD08-5561C19B8B14}.Debug|x86.ActiveCfg = Debug|Any CPU
		{D473AC8E-F63C-49A3-BD08-5561C19B8B14}.Release|Any CPU.ActiveCfg = Release|Any CPU
		{D473AC8E-F63C-49A3-BD08-5561C19B8B14}.Release|Any CPU.Build.0 = Release|Any CPU
		{D473AC8E-F63C-49A3-BD08-5561C19B8B14}.Release|Mixed Platforms.ActiveCfg = Release|Any CPU
		{D473AC8E-F63C-49A3-BD08-5561C19B8B14}.Release|Mixed Platforms.Build.0 = Release|Any CPU
		{D473AC8E-F63C-49A3-BD08-5561C19B8B14}.Release|x86.ActiveCfg = Release|Any CPU
	EndGlobalSection
	GlobalSection(SolutionProperties) = preSolution
		HideSolutionNode = FALSE
	EndGlobalSection
	GlobalSection(NestedProjects) = preSolution
		{D473AC8E-F63C-49A3-BD08-5561C19B8B14} = {3EE273DA-3A4F-4161-B164-4C6ABF2B46C2}
	EndGlobalSection
EndGlobal
